
Microsoft Visual Studio Solution File, Format Version 12.00
# Visual Studio Version 17
VisualStudioVersion = 17.11.35312.102
MinimumVisualStudioVersion = 10.0.40219.1
Project("{FAE04EC0-301F-11D3-BF4B-00C04F79EFBC}") = "GitPullTest", "GitPullTest.csproj", "{05E06C00-CFC7-4EF9-ACA7-33AC7B4C400C}"
EndProject
Global
	GlobalSection(SolutionConfigurationPlatforms) = preSolution
		Debug|Any CPU = Debug|Any CPU
		Release|Any CPU = Release|Any CPU
	EndGlobalSection
	GlobalSection(ProjectConfigurationPlatforms) = postSolution
		{05E06C00-CFC7-4EF9-ACA7-33AC7B4C400C}.Debug|Any CPU.ActiveCfg = Debug|Any CPU
		{05E06C00-CFC7-4EF9-ACA7-33AC7B4C400C}.Debug|Any CPU.Build.0 = Debug|Any CPU
		{05E06C00-CFC7-4EF9-ACA7-33AC7B4C400C}.Release|Any CPU.ActiveCfg = Release|Any CPU
		{05E06C00-CFC7-4EF9-ACA7-33AC7B4C400C}.Release|Any CPU.Build.0 = Release|Any CPU
	EndGlobalSection
	GlobalSection(SolutionProperties) = preSolution
		HideSolutionNode = FALSE
	EndGlobalSection
	GlobalSection(ExtensibilityGlobals) = postSolution
		SolutionGuid = {88CFFC2A-3CD6-482F-A823-B8457BF0FBB4}
	EndGlobalSection
EndGlobal
